// !$*UTF8*$!
{
	archiveVersion = 1;
	classes = {
	};
	objectVersion = 50;
	objects = {

/* Begin PBXBuildFile section */
		334449F225CE6D3600F8B959 /* AppDelegate.swift in Sources */ = {isa = PBXBuildFile; fileRef = 334449F125CE6D3600F8B959 /* AppDelegate.swift */; };
		334449F425CE6D3600F8B959 /* SceneDelegate.swift in Sources */ = {isa = PBXBuildFile; fileRef = 334449F325CE6D3600F8B959 /* SceneDelegate.swift */; };
		334449F625CE6D3600F8B959 /* ViewController.swift in Sources */ = {isa = PBXBuildFile; fileRef = 334449F525CE6D3600F8B959 /* ViewController.swift */; };
		334449F925CE6D3600F8B959 /* Main.storyboard in Resources */ = {isa = PBXBuildFile; fileRef = 334449F725CE6D3600F8B959 /* Main.storyboard */; };
		334449FB25CE6D3A00F8B959 /* Assets.xcassets in Resources */ = {isa = PBXBuildFile; fileRef = 334449FA25CE6D3A00F8B959 /* Assets.xcassets */; };
		334449FE25CE6D3A00F8B959 /* LaunchScreen.storyboard in Resources */ = {isa = PBXBuildFile; fileRef = 334449FC25CE6D3A00F8B959 /* LaunchScreen.storyboard */; };
		33444A0925CE6D3B00F8B959 /* MenterBookTests.swift in Sources */ = {isa = PBXBuildFile; fileRef = 33444A0825CE6D3B00F8B959 /* MenterBookTests.swift */; };
		33444A1425CE6D3B00F8B959 /* MenterBookUITests.swift in Sources */ = {isa = PBXBuildFile; fileRef = 33444A1325CE6D3B00F8B959 /* MenterBookUITests.swift */; };
		33444A2925CE6DEB00F8B959 /* ryo.jpg in Resources */ = {isa = PBXBuildFile; fileRef = 33444A2625CE6DEB00F8B959 /* ryo.jpg */; };
		33444A2A25CE6DEB00F8B959 /* nagata.jpg in Resources */ = {isa = PBXBuildFile; fileRef = 33444A2725CE6DEB00F8B959 /* nagata.jpg */; };
		33444A2B25CE6DEB00F8B959 /* taithi.jpg in Resources */ = {isa = PBXBuildFile; fileRef = 33444A2825CE6DEB00F8B959 /* taithi.jpg */; };
		33444A3025CE717100F8B959 /* Mentor.swift in Sources */ = {isa = PBXBuildFile; fileRef = 33444A2F25CE717100F8B959 /* Mentor.swift */; };
/* End PBXBuildFile section */

/* Begin PBXContainerItemProxy section */
		33444A0525CE6D3A00F8B959 /* PBXContainerItemProxy */ = {
			isa = PBXContainerItemProxy;
			containerPortal = 334449E625CE6D3600F8B959 /* Project object */;
			proxyType = 1;
			remoteGlobalIDString = 334449ED25CE6D3600F8B959;
			remoteInfo = MenterBook;
		};
		33444A1025CE6D3B00F8B959 /* PBXContainerItemProxy */ = {
			isa = PBXContainerItemProxy;
			containerPortal = 334449E625CE6D3600F8B959 /* Project object */;
			proxyType = 1;
			remoteGlobalIDString = 334449ED25CE6D3600F8B959;
			remoteInfo = MenterBook;
		};
/* End PBXContainerItemProxy section */

/* Begin PBXFileReference section */
		334449EE25CE6D3600F8B959 /* MenterBook.app */ = {isa = PBXFileReference; explicitFileType = wrapper.application; includeInIndex = 0; path = MenterBook.app; sourceTree = BUILT_PRODUCTS_DIR; };
		334449F125CE6D3600F8B959 /* AppDelegate.swift */ = {isa = PBXFileReference; lastKnownFileType = sourcecode.swift; path = AppDelegate.swift; sourceTree = "<group>"; };
		334449F325CE6D3600F8B959 /* SceneDelegate.swift */ = {isa = PBXFileReference; lastKnownFileType = sourcecode.swift; path = SceneDelegate.swift; sourceTree = "<group>"; };
		334449F525CE6D3600F8B959 /* ViewController.swift */ = {isa = PBXFileReference; lastKnownFileType = sourcecode.swift; path = ViewController.swift; sourceTree = "<group>"; };
		334449F825CE6D3600F8B959 /* Base */ = {isa = PBXFileReference; lastKnownFileType = file.storyboard; name = Base; path = Base.lproj/Main.storyboard; sourceTree = "<group>"; };
		334449FA25CE6D3A00F8B959 /* Assets.xcassets */ = {isa = PBXFileReference; lastKnownFileType = folder.assetcatalog; path = Assets.xcassets; sourceTree = "<group>"; };
		334449FD25CE6D3A00F8B959 /* Base */ = {isa = PBXFileReference; lastKnownFileType = file.storyboard; name = Base; path = Base.lproj/LaunchScreen.storyboard; sourceTree = "<group>"; };
		334449FF25CE6D3A00F8B959 /* Info.plist */ = {isa = PBXFileReference; lastKnownFileType = text.plist.xml; path = Info.plist; sourceTree = "<group>"; };
		33444A0425CE6D3A00F8B959 /* MenterBookTests.xctest */ = {isa = PBXFileReference; explicitFileType = wrapper.cfbundle; includeInIndex = 0; path = MenterBookTests.xctest; sourceTree = BUILT_PRODUCTS_DIR; };
		33444A0825CE6D3B00F8B959 /* MenterBookTests.swift */ = {isa = PBXFileReference; lastKnownFileType = sourcecode.swift; path = MenterBookTests.swift; sourceTree = "<group>"; };
		33444A0A25CE6D3B00F8B959 /* Info.plist */ = {isa = PBXFileReference; lastKnownFileType = text.plist.xml; path = Info.plist; sourceTree = "<group>"; };
		33444A0F25CE6D3B00F8B959 /* MenterBookUITests.xctest */ = {isa = PBXFileReference; explicitFileType = wrapper.cfbundle; includeInIndex = 0; path = MenterBookUITests.xctest; sourceTree = BUILT_PRODUCTS_DIR; };
		33444A1325CE6D3B00F8B959 /* MenterBookUITests.swift */ = {isa = PBXFileReference; lastKnownFileType = sourcecode.swift; path = MenterBookUITests.swift; sourceTree = "<group>"; };
		33444A1525CE6D3B00F8B959 /* Info.plist */ = {isa = PBXFileReference; lastKnownFileType = text.plist.xml; path = Info.plist; sourceTree = "<group>"; };
		33444A2625CE6DEB00F8B959 /* ryo.jpg */ = {isa = PBXFileReference; lastKnownFileType = image.jpeg; path = ryo.jpg; sourceTree = "<group>"; };
		33444A2725CE6DEB00F8B959 /* nagata.jpg */ = {isa = PBXFileReference; lastKnownFileType = image.jpeg; path = nagata.jpg; sourceTree = "<group>"; };
		33444A2825CE6DEB00F8B959 /* taithi.jpg */ = {isa = PBXFileReference; lastKnownFileType = image.jpeg; path = taithi.jpg; sourceTree = "<group>"; };
		33444A2F25CE717100F8B959 /* Mentor.swift */ = {isa = PBXFileReference; lastKnownFileType = sourcecode.swift; path = Mentor.swift; sourceTree = "<group>"; };
/* End PBXFileReference section */

/* Begin PBXFrameworksBuildPhase section */
		334449EB25CE6D3600F8B959 /* Frameworks */ = {
			isa = PBXFrameworksBuildPhase;
			buildActionMask = 2147483647;
			files = (
			);
			runOnlyForDeploymentPostprocessing = 0;
		};
		33444A0125CE6D3A00F8B959 /* Frameworks */ = {
			isa = PBXFrameworksBuildPhase;
			buildActionMask = 2147483647;
			files = (
			);
			runOnlyForDeploymentPostprocessing = 0;
		};
		33444A0C25CE6D3B00F8B959 /* Frameworks */ = {
			isa = PBXFrameworksBuildPhase;
			buildActionMask = 2147483647;
			files = (
			);
			runOnlyForDeploymentPostprocessing = 0;
		};
/* End PBXFrameworksBuildPhase section */

/* Begin PBXGroup section */
		334449E525CE6D3600F8B959 = {
			isa = PBXGroup;
			children = (
				334449F025CE6D3600F8B959 /* MenterBook */,
				33444A0725CE6D3B00F8B959 /* MenterBookTests */,
				33444A1225CE6D3B00F8B959 /* MenterBookUITests */,
				334449EF25CE6D3600F8B959 /* Products */,
			);
			sourceTree = "<group>";
		};
		334449EF25CE6D3600F8B959 /* Products */ = {
			isa = PBXGroup;
			children = (
				334449EE25CE6D3600F8B959 /* MenterBook.app */,
				33444A0425CE6D3A00F8B959 /* MenterBookTests.xctest */,
				33444A0F25CE6D3B00F8B959 /* MenterBookUITests.xctest */,
			);
			name = Products;
			sourceTree = "<group>";
		};
		334449F025CE6D3600F8B959 /* MenterBook */ = {
			isa = PBXGroup;
			children = (
				334449F125CE6D3600F8B959 /* AppDelegate.swift */,
				334449F325CE6D3600F8B959 /* SceneDelegate.swift */,
				33444A2F25CE717100F8B959 /* Mentor.swift */,
				334449F525CE6D3600F8B959 /* ViewController.swift */,
				334449F725CE6D3600F8B959 /* Main.storyboard */,
				334449FA25CE6D3A00F8B959 /* Assets.xcassets */,
				33444A2425CE6DEB00F8B959 /* 06Class */,
				334449FC25CE6D3A00F8B959 /* LaunchScreen.storyboard */,
				334449FF25CE6D3A00F8B959 /* Info.plist */,
			);
			path = MenterBook;
			sourceTree = "<group>";
		};
		33444A0725CE6D3B00F8B959 /* MenterBookTests */ = {
			isa = PBXGroup;
			children = (
				33444A0825CE6D3B00F8B959 /* MenterBookTests.swift */,
				33444A0A25CE6D3B00F8B959 /* Info.plist */,
			);
			path = MenterBookTests;
			sourceTree = "<group>";
		};
		33444A1225CE6D3B00F8B959 /* MenterBookUITests */ = {
			isa = PBXGroup;
			children = (
				33444A1325CE6D3B00F8B959 /* MenterBookUITests.swift */,
				33444A1525CE6D3B00F8B959 /* Info.plist */,
			);
			path = MenterBookUITests;
			sourceTree = "<group>";
		};
		33444A2425CE6DEB00F8B959 /* 06Class */ = {
			isa = PBXGroup;
			children = (
				33444A2525CE6DEB00F8B959 /* images */,
			);
			path = 06Class;
			sourceTree = "<group>";
		};
		33444A2525CE6DEB00F8B959 /* images */ = {
			isa = PBXGroup;
			children = (
				33444A2625CE6DEB00F8B959 /* ryo.jpg */,
				33444A2725CE6DEB00F8B959 /* nagata.jpg */,
				33444A2825CE6DEB00F8B959 /* taithi.jpg */,
			);
			path = images;
			sourceTree = "<group>";
		};
/* End PBXGroup section */

/* Begin PBXNativeTarget section */
		334449ED25CE6D3600F8B959 /* MenterBook */ = {
			isa = PBXNativeTarget;
			buildConfigurationList = 33444A1825CE6D3B00F8B959 /* Build configuration list for PBXNativeTarget "MenterBook" */;
			buildPhases = (
				334449EA25CE6D3600F8B959 /* Sources */,
				334449EB25CE6D3600F8B959 /* Frameworks */,
				334449EC25CE6D3600F8B959 /* Resources */,
			);
			buildRules = (
			);
			dependencies = (
			);
			name = MenterBook;
			productName = MenterBook;
			productReference = 334449EE25CE6D3600F8B959 /* MenterBook.app */;
			productType = "com.apple.product-type.application";
		};
		33444A0325CE6D3A00F8B959 /* MenterBookTests */ = {
			isa = PBXNativeTarget;
			buildConfigurationList = 33444A1B25CE6D3B00F8B959 /* Build configuration list for PBXNativeTarget "MenterBookTests" */;
			buildPhases = (
				33444A0025CE6D3A00F8B959 /* Sources */,
				33444A0125CE6D3A00F8B959 /* Frameworks */,
				33444A0225CE6D3A00F8B959 /* Resources */,
			);
			buildRules = (
			);
			dependencies = (
				33444A0625CE6D3A00F8B959 /* PBXTargetDependency */,
			);
			name = MenterBookTests;
			productName = MenterBookTests;
			productReference = 33444A0425CE6D3A00F8B959 /* MenterBookTests.xctest */;
			productType = "com.apple.product-type.bundle.unit-test";
		};
		33444A0E25CE6D3B00F8B959 /* MenterBookUITests */ = {
			isa = PBXNativeTarget;
			buildConfigurationList = 33444A1E25CE6D3B00F8B959 /* Build configuration list for PBXNativeTarget "MenterBookUITests" */;
			buildPhases = (
				33444A0B25CE6D3B00F8B959 /* Sources */,
				33444A0C25CE6D3B00F8B959 /* Frameworks */,
				33444A0D25CE6D3B00F8B959 /* Resources */,
			);
			buildRules = (
			);
			dependencies = (
				33444A1125CE6D3B00F8B959 /* PBXTargetDependency */,
			);
			name = MenterBookUITests;
			productName = MenterBookUITests;
			productReference = 33444A0F25CE6D3B00F8B959 /* MenterBookUITests.xctest */;
			productType = "com.apple.product-type.bundle.ui-testing";
		};
/* End PBXNativeTarget section */

/* Begin PBXProject section */
		334449E625CE6D3600F8B959 /* Project object */ = {
			isa = PBXProject;
			attributes = {
				LastSwiftUpdateCheck = 1230;
				LastUpgradeCheck = 1230;
				TargetAttributes = {
					334449ED25CE6D3600F8B959 = {
						CreatedOnToolsVersion = 12.3;
					};
					33444A0325CE6D3A00F8B959 = {
						CreatedOnToolsVersion = 12.3;
						TestTargetID = 334449ED25CE6D3600F8B959;
					};
					33444A0E25CE6D3B00F8B959 = {
						CreatedOnToolsVersion = 12.3;
						TestTargetID = 334449ED25CE6D3600F8B959;
					};
				};
			};
			buildConfigurationList = 334449E925CE6D3600F8B959 /* Build configuration list for PBXProject "MenterBook" */;
			compatibilityVersion = "Xcode 9.3";
			developmentRegion = en;
			hasScannedForEncodings = 0;
			knownRegions = (
				en,
				Base,
			);
			mainGroup = 334449E525CE6D3600F8B959;
			productRefGroup = 334449EF25CE6D3600F8B959 /* Products */;
			projectDirPath = "";
			projectRoot = "";
			targets = (
				334449ED25CE6D3600F8B959 /* MenterBook */,
				33444A0325CE6D3A00F8B959 /* MenterBookTests */,
				33444A0E25CE6D3B00F8B959 /* MenterBookUITests */,
			);
		};
/* End PBXProject section */

/* Begin PBXResourcesBuildPhase section */
		334449EC25CE6D3600F8B959 /* Resources */ = {
			isa = PBXResourcesBuildPhase;
			buildActionMask = 2147483647;
			files = (
				33444A2B25CE6DEB00F8B959 /* taithi.jpg in Resources */,
				33444A2925CE6DEB00F8B959 /* ryo.jpg in Resources */,
				33444A2A25CE6DEB00F8B959 /* nagata.jpg in Resources */,
				334449FE25CE6D3A00F8B959 /* LaunchScreen.storyboard in Resources */,
				334449FB25CE6D3A00F8B959 /* Assets.xcassets in Resources */,
				334449F925CE6D3600F8B959 /* Main.storyboard in Resources */,
			);
			runOnlyForDeploymentPostprocessing = 0;
		};
		33444A0225CE6D3A00F8B959 /* Resources */ = {
			isa = PBXResourcesBuildPhase;
			buildActionMask = 2147483647;
			files = (
			);
			runOnlyForDeploymentPostprocessing = 0;
		};
		33444A0D25CE6D3B00F8B959 /* Resources */ = {
			isa = PBXResourcesBuildPhase;
			buildActionMask = 2147483647;
			files = (
			);
			runOnlyForDeploymentPostprocessing = 0;
		};
/* End PBXResourcesBuildPhase section */

/* Begin PBXSourcesBuildPhase section */
		334449EA25CE6D3600F8B959 /* Sources */ = {
			isa = PBXSourcesBuildPhase;
			buildActionMask = 2147483647;
			files = (
				33444A3025CE717100F8B959 /* Mentor.swift in Sources */,
				334449F625CE6D3600F8B959 /* ViewController.swift in Sources */,
				334449F225CE6D3600F8B959 /* AppDelegate.swift in Sources */,
				334449F425CE6D3600F8B959 /* SceneDelegate.swift in Sources */,
			);
			runOnlyForDeploymentPostprocessing = 0;
		};
		33444A0025CE6D3A00F8B959 /* Sources */ = {
			isa = PBXSourcesBuildPhase;
			buildActionMask = 2147483647;
			files = (
				33444A0925CE6D3B00F8B959 /* MenterBookTests.swift in Sources */,
			);
			runOnlyForDeploymentPostprocessing = 0;
		};
		33444A0B25CE6D3B00F8B959 /* Sources */ = {
			isa = PBXSourcesBuildPhase;
			buildActionMask = 2147483647;
			files = (
				33444A1425CE6D3B00F8B959 /* MenterBookUITests.swift in Sources */,
			);
			runOnlyForDeploymentPostprocessing = 0;
		};
/* End PBXSourcesBuildPhase section */

/* Begin PBXTargetDependency section */
		33444A0625CE6D3A00F8B959 /* PBXTargetDependency */ = {
			isa = PBXTargetDependency;
			target = 334449ED25CE6D3600F8B959 /* MenterBook */;
			targetProxy = 33444A0525CE6D3A00F8B959 /* PBXContainerItemProxy */;
		};
		33444A1125CE6D3B00F8B959 /* PBXTargetDependency */ = {
			isa = PBXTargetDependency;
			target = 334449ED25CE6D3600F8B959 /* MenterBook */;
			targetProxy = 33444A1025CE6D3B00F8B959 /* PBXContainerItemProxy */;
		};
/* End PBXTargetDependency section */

/* Begin PBXVariantGroup section */
		334449F725CE6D3600F8B959 /* Main.storyboard */ = {
			isa = PBXVariantGroup;
			children = (
				334449F825CE6D3600F8B959 /* Base */,
			);
			name = Main.storyboard;
			sourceTree = "<group>";
		};
		334449FC25CE6D3A00F8B959 /* LaunchScreen.storyboard */ = {
			isa = PBXVariantGroup;
			children = (
				334449FD25CE6D3A00F8B959 /* Base */,
			);
			name = LaunchScreen.storyboard;
			sourceTree = "<group>";
		};
/* End PBXVariantGroup section */

/* Begin XCBuildConfiguration section */
		33444A1625CE6D3B00F8B959 /* Debug */ = {
			isa = XCBuildConfiguration;
			buildSettings = {
				ALWAYS_SEARCH_USER_PATHS = NO;
				CLANG_ANALYZER_NONNULL = YES;
				CLANG_ANALYZER_NUMBER_OBJECT_CONVERSION = YES_AGGRESSIVE;
				CLANG_CXX_LANGUAGE_STANDARD = "gnu++14";
				CLANG_CXX_LIBRARY = "libc++";
				CLANG_ENABLE_MODULES = YES;
				CLANG_ENABLE_OBJC_ARC = YES;
				CLANG_ENABLE_OBJC_WEAK = YES;
				CLANG_WARN_BLOCK_CAPTURE_AUTORELEASING = YES;
				CLANG_WARN_BOOL_CONVERSION = YES;
				CLANG_WARN_COMMA = YES;
				CLANG_WARN_CONSTANT_CONVERSION = YES;
				CLANG_WARN_DEPRECATED_OBJC_IMPLEMENTATIONS = YES;
				CLANG_WARN_DIRECT_OBJC_ISA_USAGE = YES_ERROR;
				CLANG_WARN_DOCUMENTATION_COMMENTS = YES;
				CLANG_WARN_EMPTY_BODY = YES;
				CLANG_WARN_ENUM_CONVERSION = YES;
				CLANG_WARN_INFINITE_RECURSION = YES;
				CLANG_WARN_INT_CONVERSION = YES;
				CLANG_WARN_NON_LITERAL_NULL_CONVERSION = YES;
				CLANG_WARN_OBJC_IMPLICIT_RETAIN_SELF = YES;
				CLANG_WARN_OBJC_LITERAL_CONVERSION = YES;
				CLANG_WARN_OBJC_ROOT_CLASS = YES_ERROR;
				CLANG_WARN_QUOTED_INCLUDE_IN_FRAMEWORK_HEADER = YES;
				CLANG_WARN_RANGE_LOOP_ANALYSIS = YES;
				CLANG_WARN_STRICT_PROTOTYPES = YES;
				CLANG_WARN_SUSPICIOUS_MOVE = YES;
				CLANG_WARN_UNGUARDED_AVAILABILITY = YES_AGGRESSIVE;
				CLANG_WARN_UNREACHABLE_CODE = YES;
				CLANG_WARN__DUPLICATE_METHOD_MATCH = YES;
				COPY_PHASE_STRIP = NO;
				DEBUG_INFORMATION_FORMAT = dwarf;
				ENABLE_STRICT_OBJC_MSGSEND = YES;
				ENABLE_TESTABILITY = YES;
				GCC_C_LANGUAGE_STANDARD = gnu11;
				GCC_DYNAMIC_NO_PIC = NO;
				GCC_NO_COMMON_BLOCKS = YES;
				GCC_OPTIMIZATION_LEVEL = 0;
				GCC_PREPROCESSOR_DEFINITIONS = (
					"DEBUG=1",
					"$(inherited)",
				);
				GCC_WARN_64_TO_32_BIT_CONVERSION = YES;
				GCC_WARN_ABOUT_RETURN_TYPE = YES_ERROR;
				GCC_WARN_UNDECLARED_SELECTOR = YES;
				GCC_WARN_UNINITIALIZED_AUTOS = YES_AGGRESSIVE;
				GCC_WARN_UNUSED_FUNCTION = YES;
				GCC_WARN_UNUSED_VARIABLE = YES;
				IPHONEOS_DEPLOYMENT_TARGET = 14.3;
				MTL_ENABLE_DEBUG_INFO = INCLUDE_SOURCE;
				MTL_FAST_MATH = YES;
				ONLY_ACTIVE_ARCH = YES;
				SDKROOT = iphoneos;
				SWIFT_ACTIVE_COMPILATION_CONDITIONS = DEBUG;
				SWIFT_OPTIMIZATION_LEVEL = "-Onone";
			};
			name = Debug;
		};
		33444A1725CE6D3B00F8B959 /* Release */ = {
			isa = XCBuildConfiguration;
			buildSettings = {
				ALWAYS_SEARCH_USER_PATHS = NO;
				CLANG_ANALYZER_NONNULL = YES;
				CLANG_ANALYZER_NUMBER_OBJECT_CONVERSION = YES_AGGRESSIVE;
				CLANG_CXX_LANGUAGE_STANDARD = "gnu++14";
				CLANG_CXX_LIBRARY = "libc++";
				CLANG_ENABLE_MODULES = YES;
				CLANG_ENABLE_OBJC_ARC = YES;
				CLANG_ENABLE_OBJC_WEAK = YES;
				CLANG_WARN_BLOCK_CAPTURE_AUTORELEASING = YES;
				CLANG_WARN_BOOL_CONVERSION = YES;
				CLANG_WARN_COMMA = YES;
				CLANG_WARN_CONSTANT_CONVERSION = YES;
				CLANG_WARN_DEPRECATED_OBJC_IMPLEMENTATIONS = YES;
				CLANG_WARN_DIRECT_OBJC_ISA_USAGE = YES_ERROR;
				CLANG_WARN_DOCUMENTATION_COMMENTS = YES;
				CLANG_WARN_EMPTY_BODY = YES;
				CLANG_WARN_ENUM_CONVERSION = YES;
				CLANG_WARN_INFINITE_RECURSION = YES;
				CLANG_WARN_INT_CONVERSION = YES;
				CLANG_WARN_NON_LITERAL_NULL_CONVERSION = YES;
				CLANG_WARN_OBJC_IMPLICIT_RETAIN_SELF = YES;
				CLANG_WARN_OBJC_LITERAL_CONVERSION = YES;
				CLANG_WARN_OBJC_ROOT_CLASS = YES_ERROR;
				CLANG_WARN_QUOTED_INCLUDE_IN_FRAMEWORK_HEADER = YES;
				CLANG_WARN_RANGE_LOOP_ANALYSIS = YES;
				CLANG_WARN_STRICT_PROTOTYPES = YES;
				CLANG_WARN_SUSPICIOUS_MOVE = YES;
				CLANG_WARN_UNGUARDED_AVAILABILITY = YES_AGGRESSIVE;
				CLANG_WARN_UNREACHABLE_CODE = YES;
				CLANG_WARN__DUPLICATE_METHOD_MATCH = YES;
				COPY_PHASE_STRIP = NO;
				DEBUG_INFORMATION_FORMAT = "dwarf-with-dsym";
				ENABLE_NS_ASSERTIONS = NO;
				ENABLE_STRICT_OBJC_MSGSEND = YES;
				GCC_C_LANGUAGE_STANDARD = gnu11;
				GCC_NO_COMMON_BLOCKS = YES;
				GCC_WARN_64_TO_32_BIT_CONVERSION = YES;
				GCC_WARN_ABOUT_RETURN_TYPE = YES_ERROR;
				GCC_WARN_UNDECLARED_SELECTOR = YES;
				GCC_WARN_UNINITIALIZED_AUTOS = YES_AGGRESSIVE;
				GCC_WARN_UNUSED_FUNCTION = YES;
				GCC_WARN_UNUSED_VARIABLE = YES;
				IPHONEOS_DEPLOYMENT_TARGET = 14.3;
				MTL_ENABLE_DEBUG_INFO = NO;
				MTL_FAST_MATH = YES;
				SDKROOT = iphoneos;
				SWIFT_COMPILATION_MODE = wholemodule;
				SWIFT_OPTIMIZATION_LEVEL = "-O";
				VALIDATE_PRODUCT = YES;
			};
			name = Release;
		};
		33444A1925CE6D3B00F8B959 /* Debug */ = {
			isa = XCBuildConfiguration;
			buildSettings = {
				ASSETCATALOG_COMPILER_APPICON_NAME = AppIcon;
				ASSETCATALOG_COMPILER_GLOBAL_ACCENT_COLOR_NAME = AccentColor;
				CODE_SIGN_STYLE = Automatic;
				INFOPLIST_FILE = MenterBook/Info.plist;
				LD_RUNPATH_SEARCH_PATHS = (
					"$(inherited)",
					"@executable_path/Frameworks",
				);
				PRODUCT_BUNDLE_IDENTIFIER = app.nishiwaki.sen.MenterBook;
				PRODUCT_NAME = "$(TARGET_NAME)";
				SWIFT_VERSION = 5.0;
				TARGETED_DEVICE_FAMILY = "1,2";
			};
			name = Debug;
		};
		33444A1A25CE6D3B00F8B959 /* Release */ = {
			isa = XCBuildConfiguration;
			buildSettings = {
				ASSETCATALOG_COMPILER_APPICON_NAME = AppIcon;
				ASSETCATALOG_COMPILER_GLOBAL_ACCENT_COLOR_NAME = AccentColor;
				CODE_SIGN_STYLE = Automatic;
				INFOPLIST_FILE = MenterBook/Info.plist;
				LD_RUNPATH_SEARCH_PATHS = (
					"$(inherited)",
					"@executable_path/Frameworks",
				);
				PRODUCT_BUNDLE_IDENTIFIER = app.nishiwaki.sen.MenterBook;
				PRODUCT_NAME = "$(TARGET_NAME)";
				SWIFT_VERSION = 5.0;
				TARGETED_DEVICE_FAMILY = "1,2";
			};
			name = Release;
		};
		33444A1C25CE6D3B00F8B959 /* Debug */ = {
			isa = XCBuildConfiguration;
			buildSettings = {
				ALWAYS_EMBED_SWIFT_STANDARD_LIBRARIES = YES;
				BUNDLE_LOADER = "$(TEST_HOST)";
				CODE_SIGN_STYLE = Automatic;
				INFOPLIST_FILE = MenterBookTests/Info.plist;
				IPHONEOS_DEPLOYMENT_TARGET = 14.3;
				LD_RUNPATH_SEARCH_PATHS = (
					"$(inherited)",
					"@executable_path/Frameworks",
					"@loader_path/Frameworks",
				);
				PRODUCT_BUNDLE_IDENTIFIER = app.nishiwaki.sen.MenterBookTests;
				PRODUCT_NAME = "$(TARGET_NAME)";
				SWIFT_VERSION = 5.0;
				TARGETED_DEVICE_FAMILY = "1,2";
				TEST_HOST = "$(BUILT_PRODUCTS_DIR)/MenterBook.app/MenterBook";
			};
			name = Debug;
		};
		33444A1D25CE6D3B00F8B959 /* Release */ = {
			isa = XCBuildConfiguration;
			buildSettings = {
				ALWAYS_EMBED_SWIFT_STANDARD_LIBRARIES = YES;
				BUNDLE_LOADER = "$(TEST_HOST)";
				CODE_SIGN_STYLE = Automatic;
				INFOPLIST_FILE = MenterBookTests/Info.plist;
				IPHONEOS_DEPLOYMENT_TARGET = 14.3;
				LD_RUNPATH_SEARCH_PATHS = (
					"$(inherited)",
					"@executable_path/Frameworks",
					"@loader_path/Frameworks",
				);
				PRODUCT_BUNDLE_IDENTIFIER = app.nishiwaki.sen.MenterBookTests;
				PRODUCT_NAME = "$(TARGET_NAME)";
				SWIFT_VERSION = 5.0;
				TARGETED_DEVICE_FAMILY = "1,2";
				TEST_HOST = "$(BUILT_PRODUCTS_DIR)/MenterBook.app/MenterBook";
			};
			name = Release;
		};
		33444A1F25CE6D3B00F8B959 /* Debug */ = {
			isa = XCBuildConfiguration;
			buildSettings = {
				ALWAYS_EMBED_SWIFT_STANDARD_LIBRARIES = YES;
				CODE_SIGN_STYLE = Automatic;
				INFOPLIST_FILE = MenterBookUITests/Info.plist;
				LD_RUNPATH_SEARCH_PATHS = (
					"$(inherited)",
					"@executable_path/Frameworks",
					"@loader_path/Frameworks",
				);
				PRODUCT_BUNDLE_IDENTIFIER = app.nishiwaki.sen.MenterBookUITests;
				PRODUCT_NAME = "$(TARGET_NAME)";
				SWIFT_VERSION = 5.0;
				TARGETED_DEVICE_FAMILY = "1,2";
				TEST_TARGET_NAME = MenterBook;
			};
			name = Debug;
		};
		33444A2025CE6D3B00F8B959 /* Release */ = {
			isa = XCBuildConfiguration;
			buildSettings = {
				ALWAYS_EMBED_SWIFT_STANDARD_LIBRARIES = YES;
				CODE_SIGN_STYLE = Automatic;
				INFOPLIST_FILE = MenterBookUITests/Info.plist;
				LD_RUNPATH_SEARCH_PATHS = (
					"$(inherited)",
					"@executable_path/Frameworks",
					"@loader_path/Frameworks",
				);
				PRODUCT_BUNDLE_IDENTIFIER = app.nishiwaki.sen.MenterBookUITests;
				PRODUCT_NAME = "$(TARGET_NAME)";
				SWIFT_VERSION = 5.0;
				TARGETED_DEVICE_FAMILY = "1,2";
				TEST_TARGET_NAME = MenterBook;
			};
			name = Release;
		};
/* End XCBuildConfiguration section */

/* Begin XCConfigurationList section */
		334449E925CE6D3600F8B959 /* Build configuration list for PBXProject "MenterBook" */ = {
			isa = XCConfigurationList;
			buildConfigurations = (
				33444A1625CE6D3B00F8B959 /* Debug */,
				33444A1725CE6D3B00F8B959 /* Release */,
			);
			defaultConfigurationIsVisible = 0;
			defaultConfigurationName = Release;
		};
		33444A1825CE6D3B00F8B959 /* Build configuration list for PBXNativeTarget "MenterBook" */ = {
			isa = XCConfigurationList;
			buildConfigurations = (
				33444A1925CE6D3B00F8B959 /* Debug */,
				33444A1A25CE6D3B00F8B959 /* Release */,
			);
			defaultConfigurationIsVisible = 0;
			defaultConfigurationName = Release;
		};
		33444A1B25CE6D3B00F8B959 /* Build configuration list for PBXNativeTarget "MenterBookTests" */ = {
			isa = XCConfigurationList;
			buildConfigurations = (
				33444A1C25CE6D3B00F8B959 /* Debug */,
				33444A1D25CE6D3B00F8B959 /* Release */,
			);
			defaultConfigurationIsVisible = 0;
			defaultConfigurationName = Release;
		};
		33444A1E25CE6D3B00F8B959 /* Build configuration list for PBXNativeTarget "MenterBookUITests" */ = {
			isa = XCConfigurationList;
			buildConfigurations = (
				33444A1F25CE6D3B00F8B959 /* Debug */,
				33444A2025CE6D3B00F8B959 /* Release */,
			);
			defaultConfigurationIsVisible = 0;
			defaultConfigurationName = Release;
		};
/* End XCConfigurationList section */
	};
	rootObject = 334449E625CE6D3600F8B959 /* Project object */;
}
